# This file is automatically @generated by Cargo.
# It is not intended for manual editing.
version = 3

[[package]]
name = "depagerpp"
version = "0.1.0"
dependencies = [
 "depagerpp_driver",
]

[[package]]
name = "depagerpp_driver"
version = "0.1.0"
dependencies = [
 "depagerpp_macros",
]

[[package]]
name = "depagerpp_macros"
version = "0.1.0"

[[package]]
name = "tests"
version = "0.1.0"
dependencies = [
 "depagerpp",
]
